// !$*UTF8*$!
{
	archiveVersion = 1;
	classes = {
	};
	objectVersion = 50;
	objects = {

/* Begin PBXBuildFile section */
		4BF26D4F25D1BB0000906A2F /* MapLibreExamplesApp.swift in Sources */ = {isa = PBXBuildFile; fileRef = 4BF26D4E25D1BB0000906A2F /* MapLibreExamplesApp.swift */; };
		4BF26D5125D1BB0000906A2F /* ContentView.swift in Sources */ = {isa = PBXBuildFile; fileRef = 4BF26D5025D1BB0000906A2F /* ContentView.swift */; };
		4BF26D5325D1BB0100906A2F /* Assets.xcassets in Resources */ = {isa = PBXBuildFile; fileRef = 4BF26D5225D1BB0100906A2F /* Assets.xcassets */; };
		4BF26D5625D1BB0100906A2F /* Preview Assets.xcassets in Resources */ = {isa = PBXBuildFile; fileRef = 4BF26D5525D1BB0100906A2F /* Preview Assets.xcassets */; };
		4BF26D5F25D1BE2F00906A2F /* MenuView.swift in Sources */ = {isa = PBXBuildFile; fileRef = 4BF26D5E25D1BE2F00906A2F /* MenuView.swift */; };
/* End PBXBuildFile section */

/* Begin PBXFileReference section */
		4BF26D4B25D1BB0000906A2F /* MapLibreExamples.app */ = {isa = PBXFileReference; explicitFileType = wrapper.application; includeInIndex = 0; path = MapLibreExamples.app; sourceTree = BUILT_PRODUCTS_DIR; };
		4BF26D4E25D1BB0000906A2F /* MapLibreExamplesApp.swift */ = {isa = PBXFileReference; lastKnownFileType = sourcecode.swift; path = MapLibreExamplesApp.swift; sourceTree = "<group>"; };
		4BF26D5025D1BB0000906A2F /* ContentView.swift */ = {isa = PBXFileReference; lastKnownFileType = sourcecode.swift; path = ContentView.swift; sourceTree = "<group>"; };
		4BF26D5225D1BB0100906A2F /* Assets.xcassets */ = {isa = PBXFileReference; lastKnownFileType = folder.assetcatalog; path = Assets.xcassets; sourceTree = "<group>"; };
		4BF26D5525D1BB0100906A2F /* Preview Assets.xcassets */ = {isa = PBXFileReference; lastKnownFileType = folder.assetcatalog; path = "Preview Assets.xcassets"; sourceTree = "<group>"; };
		4BF26D5725D1BB0100906A2F /* Info.plist */ = {isa = PBXFileReference; lastKnownFileType = text.plist.xml; path = Info.plist; sourceTree = "<group>"; };
		4BF26D5E25D1BE2F00906A2F /* MenuView.swift */ = {isa = PBXFileReference; lastKnownFileType = sourcecode.swift; path = MenuView.swift; sourceTree = "<group>"; };
/* End PBXFileReference section */

/* Begin PBXFrameworksBuildPhase section */
		4BF26D4825D1BB0000906A2F /* Frameworks */ = {
			isa = PBXFrameworksBuildPhase;
			buildActionMask = 2147483647;
			files = (
			);
			runOnlyForDeploymentPostprocessing = 0;
		};
/* End PBXFrameworksBuildPhase section */

/* Begin PBXGroup section */
		4BF26D4225D1BB0000906A2F = {
			isa = PBXGroup;
			children = (
				4BF26D4D25D1BB0000906A2F /* MapLibreExamples */,
				4BF26D4C25D1BB0000906A2F /* Products */,
			);
			sourceTree = "<group>";
		};
		4BF26D4C25D1BB0000906A2F /* Products */ = {
			isa = PBXGroup;
			children = (
				4BF26D4B25D1BB0000906A2F /* MapLibreExamples.app */,
			);
			name = Products;
			sourceTree = "<group>";
		};
		4BF26D4D25D1BB0000906A2F /* MapLibreExamples */ = {
			isa = PBXGroup;
			children = (
				4BF26D4E25D1BB0000906A2F /* MapLibreExamplesApp.swift */,
				4BF26D5025D1BB0000906A2F /* ContentView.swift */,
				4BF26D5225D1BB0100906A2F /* Assets.xcassets */,
				4BF26D5725D1BB0100906A2F /* Info.plist */,
				4BF26D5425D1BB0100906A2F /* Preview Content */,
				4BF26D5E25D1BE2F00906A2F /* MenuView.swift */,
			);
			path = MapLibreExamples;
			sourceTree = "<group>";
		};
		4BF26D5425D1BB0100906A2F /* Preview Content */ = {
			isa = PBXGroup;
			children = (
				4BF26D5525D1BB0100906A2F /* Preview Assets.xcassets */,
			);
			path = "Preview Content";
			sourceTree = "<group>";
		};
/* End PBXGroup section */

/* Begin PBXNativeTarget section */
		4BF26D4A25D1BB0000906A2F /* MapLibreExamples */ = {
			isa = PBXNativeTarget;
			buildConfigurationList = 4BF26D5A25D1BB0100906A2F /* Build configuration list for PBXNativeTarget "MapLibreExamples" */;
			buildPhases = (
				4BF26D4725D1BB0000906A2F /* Sources */,
				4BF26D4825D1BB0000906A2F /* Frameworks */,
				4BF26D4925D1BB0000906A2F /* Resources */,
			);
			buildRules = (
			);
			dependencies = (
			);
			name = MapLibreExamples;
			productName = MapLibreExamples;
			productReference = 4BF26D4B25D1BB0000906A2F /* MapLibreExamples.app */;
			productType = "com.apple.product-type.application";
		};
/* End PBXNativeTarget section */

/* Begin PBXProject section */
		4BF26D4325D1BB0000906A2F /* Project object */ = {
			isa = PBXProject;
			attributes = {
				LastSwiftUpdateCheck = 1240;
				LastUpgradeCheck = 1240;
				TargetAttributes = {
					4BF26D4A25D1BB0000906A2F = {
						CreatedOnToolsVersion = 12.4;
					};
				};
			};
			buildConfigurationList = 4BF26D4625D1BB0000906A2F /* Build configuration list for PBXProject "MapLibreExamples" */;
			compatibilityVersion = "Xcode 9.3";
			developmentRegion = en;
			hasScannedForEncodings = 0;
			knownRegions = (
				en,
				Base,
			);
			mainGroup = 4BF26D4225D1BB0000906A2F;
			productRefGroup = 4BF26D4C25D1BB0000906A2F /* Products */;
			projectDirPath = "";
			projectRoot = "";
			targets = (
				4BF26D4A25D1BB0000906A2F /* MapLibreExamples */,
			);
		};
/* End PBXProject section */

/* Begin PBXResourcesBuildPhase section */
		4BF26D4925D1BB0000906A2F /* Resources */ = {
			isa = PBXResourcesBuildPhase;
			buildActionMask = 2147483647;
			files = (
				4BF26D5625D1BB0100906A2F /* Preview Assets.xcassets in Resources */,
				4BF26D5325D1BB0100906A2F /* Assets.xcassets in Resources */,
			);
			runOnlyForDeploymentPostprocessing = 0;
		};
/* End PBXResourcesBuildPhase section */

/* Begin PBXSourcesBuildPhase section */
		4BF26D4725D1BB0000906A2F /* Sources */ = {
			isa = PBXSourcesBuildPhase;
			buildActionMask = 2147483647;
			files = (
				4BF26D5125D1BB0000906A2F /* ContentView.swift in Sources */,
				4BF26D4F25D1BB0000906A2F /* MapLibreExamplesApp.swift in Sources */,
				4BF26D5F25D1BE2F00906A2F /* MenuView.swift in Sources */,
			);
			runOnlyForDeploymentPostprocessing = 0;
		};
/* End PBXSourcesBuildPhase section */

/* Begin XCBuildConfiguration section */
		4BF26D5825D1BB0100906A2F /* Debug */ = {
			isa = XCBuildConfiguration;
			buildSettings = {
				ALWAYS_SEARCH_USER_PATHS = NO;
				CLANG_ANALYZER_NONNULL = YES;
				CLANG_ANALYZER_NUMBER_OBJECT_CONVERSION = YES_AGGRESSIVE;
				CLANG_CXX_LANGUAGE_STANDARD = "gnu++14";
				CLANG_CXX_LIBRARY = "libc++";
				CLANG_ENABLE_MODULES = YES;
				CLANG_ENABLE_OBJC_ARC = YES;
				CLANG_ENABLE_OBJC_WEAK = YES;
				CLANG_WARN_BLOCK_CAPTURE_AUTORELEASING = YES;
				CLANG_WARN_BOOL_CONVERSION = YES;
				CLANG_WARN_COMMA = YES;
				CLANG_WARN_CONSTANT_CONVERSION = YES;
				CLANG_WARN_DEPRECATED_OBJC_IMPLEMENTATIONS = YES;
				CLANG_WARN_DIRECT_OBJC_ISA_USAGE = YES_ERROR;
				CLANG_WARN_DOCUMENTATION_COMMENTS = YES;
				CLANG_WARN_EMPTY_BODY = YES;
				CLANG_WARN_ENUM_CONVERSION = YES;
				CLANG_WARN_INFINITE_RECURSION = YES;
				CLANG_WARN_INT_CONVERSION = YES;
				CLANG_WARN_NON_LITERAL_NULL_CONVERSION = YES;
				CLANG_WARN_OBJC_IMPLICIT_RETAIN_SELF = YES;
				CLANG_WARN_OBJC_LITERAL_CONVERSION = YES;
				CLANG_WARN_OBJC_ROOT_CLASS = YES_ERROR;
				CLANG_WARN_QUOTED_INCLUDE_IN_FRAMEWORK_HEADER = YES;
				CLANG_WARN_RANGE_LOOP_ANALYSIS = YES;
				CLANG_WARN_STRICT_PROTOTYPES = YES;
				CLANG_WARN_SUSPICIOUS_MOVE = YES;
				CLANG_WARN_UNGUARDED_AVAILABILITY = YES_AGGRESSIVE;
				CLANG_WARN_UNREACHABLE_CODE = YES;
				CLANG_WARN__DUPLICATE_METHOD_MATCH = YES;
				COPY_PHASE_STRIP = NO;
				DEBUG_INFORMATION_FORMAT = dwarf;
				ENABLE_STRICT_OBJC_MSGSEND = YES;
				ENABLE_TESTABILITY = YES;
				GCC_C_LANGUAGE_STANDARD = gnu11;
				GCC_DYNAMIC_NO_PIC = NO;
				GCC_NO_COMMON_BLOCKS = YES;
				GCC_OPTIMIZATION_LEVEL = 0;
				GCC_PREPROCESSOR_DEFINITIONS = (
					"DEBUG=1",
					"$(inherited)",
				);
				GCC_WARN_64_TO_32_BIT_CONVERSION = YES;
				GCC_WARN_ABOUT_RETURN_TYPE = YES_ERROR;
				GCC_WARN_UNDECLARED_SELECTOR = YES;
				GCC_WARN_UNINITIALIZED_AUTOS = YES_AGGRESSIVE;
				GCC_WARN_UNUSED_FUNCTION = YES;
				GCC_WARN_UNUSED_VARIABLE = YES;
				IPHONEOS_DEPLOYMENT_TARGET = 14.4;
				MTL_ENABLE_DEBUG_INFO = INCLUDE_SOURCE;
				MTL_FAST_MATH = YES;
				ONLY_ACTIVE_ARCH = YES;
				SDKROOT = iphoneos;
				SWIFT_ACTIVE_COMPILATION_CONDITIONS = DEBUG;
				SWIFT_OPTIMIZATION_LEVEL = "-Onone";
			};
			name = Debug;
		};
		4BF26D5925D1BB0100906A2F /* Release */ = {
			isa = XCBuildConfiguration;
			buildSettings = {
				ALWAYS_SEARCH_USER_PATHS = NO;
				CLANG_ANALYZER_NONNULL = YES;
				CLANG_ANALYZER_NUMBER_OBJECT_CONVERSION = YES_AGGRESSIVE;
				CLANG_CXX_LANGUAGE_STANDARD = "gnu++14";
				CLANG_CXX_LIBRARY = "libc++";
				CLANG_ENABLE_MODULES = YES;
				CLANG_ENABLE_OBJC_ARC = YES;
				CLANG_ENABLE_OBJC_WEAK = YES;
				CLANG_WARN_BLOCK_CAPTURE_AUTORELEASING = YES;
				CLANG_WARN_BOOL_CONVERSION = YES;
				CLANG_WARN_COMMA = YES;
				CLANG_WARN_CONSTANT_CONVERSION = YES;
				CLANG_WARN_DEPRECATED_OBJC_IMPLEMENTATIONS = YES;
				CLANG_WARN_DIRECT_OBJC_ISA_USAGE = YES_ERROR;
				CLANG_WARN_DOCUMENTATION_COMMENTS = YES;
				CLANG_WARN_EMPTY_BODY = YES;
				CLANG_WARN_ENUM_CONVERSION = YES;
				CLANG_WARN_INFINITE_RECURSION = YES;
				CLANG_WARN_INT_CONVERSION = YES;
				CLANG_WARN_NON_LITERAL_NULL_CONVERSION = YES;
				CLANG_WARN_OBJC_IMPLICIT_RETAIN_SELF = YES;
				CLANG_WARN_OBJC_LITERAL_CONVERSION = YES;
				CLANG_WARN_OBJC_ROOT_CLASS = YES_ERROR;
				CLANG_WARN_QUOTED_INCLUDE_IN_FRAMEWORK_HEADER = YES;
				CLANG_WARN_RANGE_LOOP_ANALYSIS = YES;
				CLANG_WARN_STRICT_PROTOTYPES = YES;
				CLANG_WARN_SUSPICIOUS_MOVE = YES;
				CLANG_WARN_UNGUARDED_AVAILABILITY = YES_AGGRESSIVE;
				CLANG_WARN_UNREACHABLE_CODE = YES;
				CLANG_WARN__DUPLICATE_METHOD_MATCH = YES;
				COPY_PHASE_STRIP = NO;
				DEBUG_INFORMATION_FORMAT = "dwarf-with-dsym";
				ENABLE_NS_ASSERTIONS = NO;
				ENABLE_STRICT_OBJC_MSGSEND = YES;
				GCC_C_LANGUAGE_STANDARD = gnu11;
				GCC_NO_COMMON_BLOCKS = YES;
				GCC_WARN_64_TO_32_BIT_CONVERSION = YES;
				GCC_WARN_ABOUT_RETURN_TYPE = YES_ERROR;
				GCC_WARN_UNDECLARED_SELECTOR = YES;
				GCC_WARN_UNINITIALIZED_AUTOS = YES_AGGRESSIVE;
				GCC_WARN_UNUSED_FUNCTION = YES;
				GCC_WARN_UNUSED_VARIABLE = YES;
				IPHONEOS_DEPLOYMENT_TARGET = 14.4;
				MTL_ENABLE_DEBUG_INFO = NO;
				MTL_FAST_MATH = YES;
				SDKROOT = iphoneos;
				SWIFT_COMPILATION_MODE = wholemodule;
				SWIFT_OPTIMIZATION_LEVEL = "-O";
				VALIDATE_PRODUCT = YES;
			};
			name = Release;
		};
		4BF26D5B25D1BB0100906A2F /* Debug */ = {
			isa = XCBuildConfiguration;
			buildSettings = {
				ASSETCATALOG_COMPILER_APPICON_NAME = AppIcon;
				ASSETCATALOG_COMPILER_GLOBAL_ACCENT_COLOR_NAME = AccentColor;
				CODE_SIGN_STYLE = Automatic;
				DEVELOPMENT_ASSET_PATHS = "\"MapLibreExamples/Preview Content\"";
				DEVELOPMENT_TEAM = 2B482J8N6Y;
				ENABLE_PREVIEWS = YES;
				INFOPLIST_FILE = MapLibreExamples/Info.plist;
				IPHONEOS_DEPLOYMENT_TARGET = 14.0;
				LD_RUNPATH_SEARCH_PATHS = (
					"$(inherited)",
					"@executable_path/Frameworks",
				);
				PRODUCT_BUNDLE_IDENTIFIER = com.maptiler.mobile.MapLibreExamples;
				PRODUCT_NAME = "$(TARGET_NAME)";
				SWIFT_VERSION = 5.0;
				TARGETED_DEVICE_FAMILY = "1,2";
			};
			name = Debug;
		};
		4BF26D5C25D1BB0100906A2F /* Release */ = {
			isa = XCBuildConfiguration;
			buildSettings = {
				ASSETCATALOG_COMPILER_APPICON_NAME = AppIcon;
				ASSETCATALOG_COMPILER_GLOBAL_ACCENT_COLOR_NAME = AccentColor;
				CODE_SIGN_STYLE = Automatic;
				DEVELOPMENT_ASSET_PATHS = "\"MapLibreExamples/Preview Content\"";
				DEVELOPMENT_TEAM = 2B482J8N6Y;
				ENABLE_PREVIEWS = YES;
				INFOPLIST_FILE = MapLibreExamples/Info.plist;
				IPHONEOS_DEPLOYMENT_TARGET = 14.0;
				LD_RUNPATH_SEARCH_PATHS = (
					"$(inherited)",
					"@executable_path/Frameworks",
				);
				PRODUCT_BUNDLE_IDENTIFIER = com.maptiler.mobile.MapLibreExamples;
				PRODUCT_NAME = "$(TARGET_NAME)";
				SWIFT_VERSION = 5.0;
				TARGETED_DEVICE_FAMILY = "1,2";
			};
			name = Release;
		};
/* End XCBuildConfiguration section */

/* Begin XCConfigurationList section */
		4BF26D4625D1BB0000906A2F /* Build configuration list for PBXProject "MapLibreExamples" */ = {
			isa = XCConfigurationList;
			buildConfigurations = (
				4BF26D5825D1BB0100906A2F /* Debug */,
				4BF26D5925D1BB0100906A2F /* Release */,
			);
			defaultConfigurationIsVisible = 0;
			defaultConfigurationName = Release;
		};
		4BF26D5A25D1BB0100906A2F /* Build configuration list for PBXNativeTarget "MapLibreExamples" */ = {
			isa = XCConfigurationList;
			buildConfigurations = (
				4BF26D5B25D1BB0100906A2F /* Debug */,
				4BF26D5C25D1BB0100906A2F /* Release */,
			);
			defaultConfigurationIsVisible = 0;
			defaultConfigurationName = Release;
		};
/* End XCConfigurationList section */
	};
	rootObject = 4BF26D4325D1BB0000906A2F /* Project object */;
}
