// !$*UTF8*$!
{
	archiveVersion = 1;
	classes = {
	};
	objectVersion = 52;
	objects = {

/* Begin PBXBuildFile section */
		4B9FCA18252C8D65002CEE84 /* ArgumentParser in Frameworks */ = {isa = PBXBuildFile; productRef = 4B9FCA17252C8D65002CEE84 /* ArgumentParser */; };
		4BF1FFA1252C61FA0043D59B /* main.swift in Sources */ = {isa = PBXBuildFile; fileRef = 4BF1FFA0252C61FA0043D59B /* main.swift */; };
		678A2DF0E25929AE46B922AF /* libPods-code-snippets-extractor.a in Frameworks */ = {isa = PBXBuildFile; fileRef = 3A67558BCC13A3F3B46AA848 /* libPods-code-snippets-extractor.a */; };
/* End PBXBuildFile section */

/* Begin PBXCopyFilesBuildPhase section */
		4BF1FF9B252C61FA0043D59B /* CopyFiles */ = {
			isa = PBXCopyFilesBuildPhase;
			buildActionMask = 2147483647;
			dstPath = /usr/share/man/man1/;
			dstSubfolderSpec = 0;
			files = (
			);
			runOnlyForDeploymentPostprocessing = 1;
		};
/* End PBXCopyFilesBuildPhase section */

/* Begin PBXFileReference section */
		3A67558BCC13A3F3B46AA848 /* libPods-code-snippets-extractor.a */ = {isa = PBXFileReference; explicitFileType = archive.ar; includeInIndex = 0; path = "libPods-code-snippets-extractor.a"; sourceTree = BUILT_PRODUCTS_DIR; };
		4BF1FF9D252C61FA0043D59B /* code-snippets-extractor */ = {isa = PBXFileReference; explicitFileType = "compiled.mach-o.executable"; includeInIndex = 0; path = "code-snippets-extractor"; sourceTree = BUILT_PRODUCTS_DIR; };
		4BF1FFA0252C61FA0043D59B /* main.swift */ = {isa = PBXFileReference; lastKnownFileType = sourcecode.swift; path = main.swift; sourceTree = "<group>"; };
		7D4DAF240E6CCBBD6CC16341 /* Pods-code-snippets-extractor.release.xcconfig */ = {isa = PBXFileReference; includeInIndex = 1; lastKnownFileType = text.xcconfig; name = "Pods-code-snippets-extractor.release.xcconfig"; path = "Target Support Files/Pods-code-snippets-extractor/Pods-code-snippets-extractor.release.xcconfig"; sourceTree = "<group>"; };
		BFF59B980569969C57ADD754 /* Pods-code-snippets-extractor.debug.xcconfig */ = {isa = PBXFileReference; includeInIndex = 1; lastKnownFileType = text.xcconfig; name = "Pods-code-snippets-extractor.debug.xcconfig"; path = "Target Support Files/Pods-code-snippets-extractor/Pods-code-snippets-extractor.debug.xcconfig"; sourceTree = "<group>"; };
/* End PBXFileReference section */

/* Begin PBXFrameworksBuildPhase section */
		4BF1FF9A252C61FA0043D59B /* Frameworks */ = {
			isa = PBXFrameworksBuildPhase;
			buildActionMask = 2147483647;
			files = (
				4B9FCA18252C8D65002CEE84 /* ArgumentParser in Frameworks */,
				678A2DF0E25929AE46B922AF /* libPods-code-snippets-extractor.a in Frameworks */,
			);
			runOnlyForDeploymentPostprocessing = 0;
		};
/* End PBXFrameworksBuildPhase section */

/* Begin PBXGroup section */
		27FFF8CD7F456FEA2FA93379 /* Frameworks */ = {
			isa = PBXGroup;
			children = (
				3A67558BCC13A3F3B46AA848 /* libPods-code-snippets-extractor.a */,
			);
			name = Frameworks;
			sourceTree = "<group>";
		};
		4BF1FF94252C61FA0043D59B = {
			isa = PBXGroup;
			children = (
				4BF1FF9F252C61FA0043D59B /* DocumentationExtractor */,
				4BF1FF9E252C61FA0043D59B /* Products */,
				8F3E60E49DF9BB1C8B823678 /* Pods */,
				27FFF8CD7F456FEA2FA93379 /* Frameworks */,
			);
			sourceTree = "<group>";
		};
		4BF1FF9E252C61FA0043D59B /* Products */ = {
			isa = PBXGroup;
			children = (
				4BF1FF9D252C61FA0043D59B /* code-snippets-extractor */,
			);
			name = Products;
			sourceTree = "<group>";
		};
		4BF1FF9F252C61FA0043D59B /* DocumentationExtractor */ = {
			isa = PBXGroup;
			children = (
				4BF1FFA0252C61FA0043D59B /* main.swift */,
			);
			path = DocumentationExtractor;
			sourceTree = "<group>";
		};
		8F3E60E49DF9BB1C8B823678 /* Pods */ = {
			isa = PBXGroup;
			children = (
				BFF59B980569969C57ADD754 /* Pods-code-snippets-extractor.debug.xcconfig */,
				7D4DAF240E6CCBBD6CC16341 /* Pods-code-snippets-extractor.release.xcconfig */,
			);
			path = Pods;
			sourceTree = "<group>";
		};
/* End PBXGroup section */

/* Begin PBXNativeTarget section */
		4BF1FF9C252C61FA0043D59B /* code-snippets-extractor */ = {
			isa = PBXNativeTarget;
			buildConfigurationList = 4BF1FFA4252C61FA0043D59B /* Build configuration list for PBXNativeTarget "code-snippets-extractor" */;
			buildPhases = (
				ACF3F565EB17A46A2DEC8B01 /* [CP] Check Pods Manifest.lock */,
				4BF1FF99252C61FA0043D59B /* Sources */,
				4BF1FF9A252C61FA0043D59B /* Frameworks */,
				4BF1FF9B252C61FA0043D59B /* CopyFiles */,
			);
			buildRules = (
			);
			dependencies = (
			);
			name = "code-snippets-extractor";
			packageProductDependencies = (
				4B9FCA17252C8D65002CEE84 /* ArgumentParser */,
			);
			productName = DocumentationExtractor;
			productReference = 4BF1FF9D252C61FA0043D59B /* code-snippets-extractor */;
			productType = "com.apple.product-type.tool";
		};
/* End PBXNativeTarget section */

/* Begin PBXProject section */
		4BF1FF95252C61FA0043D59B /* Project object */ = {
			isa = PBXProject;
			attributes = {
				LastSwiftUpdateCheck = 1200;
				LastUpgradeCheck = 1200;
				TargetAttributes = {
					4BF1FF9C252C61FA0043D59B = {
						CreatedOnToolsVersion = 12.0.1;
					};
				};
			};
			buildConfigurationList = 4BF1FF98252C61FA0043D59B /* Build configuration list for PBXProject "code-snippets-extractor" */;
			compatibilityVersion = "Xcode 9.3";
			developmentRegion = en;
			hasScannedForEncodings = 0;
			knownRegions = (
				en,
				Base,
			);
			mainGroup = 4BF1FF94252C61FA0043D59B;
			packageReferences = (
				4B9FCA16252C8D65002CEE84 /* XCRemoteSwiftPackageReference "swift-argument-parser" */,
			);
			productRefGroup = 4BF1FF9E252C61FA0043D59B /* Products */;
			projectDirPath = "";
			projectRoot = "";
			targets = (
				4BF1FF9C252C61FA0043D59B /* code-snippets-extractor */,
			);
		};
/* End PBXProject section */

/* Begin PBXShellScriptBuildPhase section */
		ACF3F565EB17A46A2DEC8B01 /* [CP] Check Pods Manifest.lock */ = {
			isa = PBXShellScriptBuildPhase;
			buildActionMask = 2147483647;
			files = (
			);
			inputFileListPaths = (
			);
			inputPaths = (
				"${PODS_PODFILE_DIR_PATH}/Podfile.lock",
				"${PODS_ROOT}/Manifest.lock",
			);
			name = "[CP] Check Pods Manifest.lock";
			outputFileListPaths = (
			);
			outputPaths = (
				"$(DERIVED_FILE_DIR)/Pods-code-snippets-extractor-checkManifestLockResult.txt",
			);
			runOnlyForDeploymentPostprocessing = 0;
			shellPath = /bin/sh;
			shellScript = "diff \"${PODS_PODFILE_DIR_PATH}/Podfile.lock\" \"${PODS_ROOT}/Manifest.lock\" > /dev/null\nif [ $? != 0 ] ; then\n    # print error to STDERR\n    echo \"error: The sandbox is not in sync with the Podfile.lock. Run 'pod install' or update your CocoaPods installation.\" >&2\n    exit 1\nfi\n# This output is used by Xcode 'outputs' to avoid re-running this script phase.\necho \"SUCCESS\" > \"${SCRIPT_OUTPUT_FILE_0}\"\n";
			showEnvVarsInLog = 0;
		};
/* End PBXShellScriptBuildPhase section */

/* Begin PBXSourcesBuildPhase section */
		4BF1FF99252C61FA0043D59B /* Sources */ = {
			isa = PBXSourcesBuildPhase;
			buildActionMask = 2147483647;
			files = (
				4BF1FFA1252C61FA0043D59B /* main.swift in Sources */,
			);
			runOnlyForDeploymentPostprocessing = 0;
		};
/* End PBXSourcesBuildPhase section */

/* Begin XCBuildConfiguration section */
		4BF1FFA2252C61FA0043D59B /* Debug */ = {
			isa = XCBuildConfiguration;
			buildSettings = {
				ALWAYS_SEARCH_USER_PATHS = NO;
				CLANG_ANALYZER_NONNULL = YES;
				CLANG_ANALYZER_NUMBER_OBJECT_CONVERSION = YES_AGGRESSIVE;
				CLANG_CXX_LANGUAGE_STANDARD = "gnu++14";
				CLANG_CXX_LIBRARY = "libc++";
				CLANG_ENABLE_MODULES = YES;
				CLANG_ENABLE_OBJC_ARC = YES;
				CLANG_ENABLE_OBJC_WEAK = YES;
				CLANG_WARN_BLOCK_CAPTURE_AUTORELEASING = YES;
				CLANG_WARN_BOOL_CONVERSION = YES;
				CLANG_WARN_COMMA = YES;
				CLANG_WARN_CONSTANT_CONVERSION = YES;
				CLANG_WARN_DEPRECATED_OBJC_IMPLEMENTATIONS = YES;
				CLANG_WARN_DIRECT_OBJC_ISA_USAGE = YES_ERROR;
				CLANG_WARN_DOCUMENTATION_COMMENTS = YES;
				CLANG_WARN_EMPTY_BODY = YES;
				CLANG_WARN_ENUM_CONVERSION = YES;
				CLANG_WARN_INFINITE_RECURSION = YES;
				CLANG_WARN_INT_CONVERSION = YES;
				CLANG_WARN_NON_LITERAL_NULL_CONVERSION = YES;
				CLANG_WARN_OBJC_IMPLICIT_RETAIN_SELF = YES;
				CLANG_WARN_OBJC_LITERAL_CONVERSION = YES;
				CLANG_WARN_OBJC_ROOT_CLASS = YES_ERROR;
				CLANG_WARN_QUOTED_INCLUDE_IN_FRAMEWORK_HEADER = YES;
				CLANG_WARN_RANGE_LOOP_ANALYSIS = YES;
				CLANG_WARN_STRICT_PROTOTYPES = YES;
				CLANG_WARN_SUSPICIOUS_MOVE = YES;
				CLANG_WARN_UNGUARDED_AVAILABILITY = YES_AGGRESSIVE;
				CLANG_WARN_UNREACHABLE_CODE = YES;
				CLANG_WARN__DUPLICATE_METHOD_MATCH = YES;
				COPY_PHASE_STRIP = NO;
				DEBUG_INFORMATION_FORMAT = dwarf;
				ENABLE_STRICT_OBJC_MSGSEND = YES;
				ENABLE_TESTABILITY = YES;
				GCC_C_LANGUAGE_STANDARD = gnu11;
				GCC_DYNAMIC_NO_PIC = NO;
				GCC_NO_COMMON_BLOCKS = YES;
				GCC_OPTIMIZATION_LEVEL = 0;
				GCC_PREPROCESSOR_DEFINITIONS = (
					"DEBUG=1",
					"$(inherited)",
				);
				GCC_WARN_64_TO_32_BIT_CONVERSION = YES;
				GCC_WARN_ABOUT_RETURN_TYPE = YES_ERROR;
				GCC_WARN_UNDECLARED_SELECTOR = YES;
				GCC_WARN_UNINITIALIZED_AUTOS = YES_AGGRESSIVE;
				GCC_WARN_UNUSED_FUNCTION = YES;
				GCC_WARN_UNUSED_VARIABLE = YES;
				MACOSX_DEPLOYMENT_TARGET = 10.15;
				MTL_ENABLE_DEBUG_INFO = INCLUDE_SOURCE;
				MTL_FAST_MATH = YES;
				ONLY_ACTIVE_ARCH = YES;
				SDKROOT = macosx;
				SWIFT_ACTIVE_COMPILATION_CONDITIONS = DEBUG;
				SWIFT_OPTIMIZATION_LEVEL = "-Onone";
			};
			name = Debug;
		};
		4BF1FFA3252C61FA0043D59B /* Release */ = {
			isa = XCBuildConfiguration;
			buildSettings = {
				ALWAYS_SEARCH_USER_PATHS = NO;
				CLANG_ANALYZER_NONNULL = YES;
				CLANG_ANALYZER_NUMBER_OBJECT_CONVERSION = YES_AGGRESSIVE;
				CLANG_CXX_LANGUAGE_STANDARD = "gnu++14";
				CLANG_CXX_LIBRARY = "libc++";
				CLANG_ENABLE_MODULES = YES;
				CLANG_ENABLE_OBJC_ARC = YES;
				CLANG_ENABLE_OBJC_WEAK = YES;
				CLANG_WARN_BLOCK_CAPTURE_AUTORELEASING = YES;
				CLANG_WARN_BOOL_CONVERSION = YES;
				CLANG_WARN_COMMA = YES;
				CLANG_WARN_CONSTANT_CONVERSION = YES;
				CLANG_WARN_DEPRECATED_OBJC_IMPLEMENTATIONS = YES;
				CLANG_WARN_DIRECT_OBJC_ISA_USAGE = YES_ERROR;
				CLANG_WARN_DOCUMENTATION_COMMENTS = YES;
				CLANG_WARN_EMPTY_BODY = YES;
				CLANG_WARN_ENUM_CONVERSION = YES;
				CLANG_WARN_INFINITE_RECURSION = YES;
				CLANG_WARN_INT_CONVERSION = YES;
				CLANG_WARN_NON_LITERAL_NULL_CONVERSION = YES;
				CLANG_WARN_OBJC_IMPLICIT_RETAIN_SELF = YES;
				CLANG_WARN_OBJC_LITERAL_CONVERSION = YES;
				CLANG_WARN_OBJC_ROOT_CLASS = YES_ERROR;
				CLANG_WARN_QUOTED_INCLUDE_IN_FRAMEWORK_HEADER = YES;
				CLANG_WARN_RANGE_LOOP_ANALYSIS = YES;
				CLANG_WARN_STRICT_PROTOTYPES = YES;
				CLANG_WARN_SUSPICIOUS_MOVE = YES;
				CLANG_WARN_UNGUARDED_AVAILABILITY = YES_AGGRESSIVE;
				CLANG_WARN_UNREACHABLE_CODE = YES;
				CLANG_WARN__DUPLICATE_METHOD_MATCH = YES;
				COPY_PHASE_STRIP = NO;
				DEBUG_INFORMATION_FORMAT = "dwarf-with-dsym";
				ENABLE_NS_ASSERTIONS = NO;
				ENABLE_STRICT_OBJC_MSGSEND = YES;
				GCC_C_LANGUAGE_STANDARD = gnu11;
				GCC_NO_COMMON_BLOCKS = YES;
				GCC_WARN_64_TO_32_BIT_CONVERSION = YES;
				GCC_WARN_ABOUT_RETURN_TYPE = YES_ERROR;
				GCC_WARN_UNDECLARED_SELECTOR = YES;
				GCC_WARN_UNINITIALIZED_AUTOS = YES_AGGRESSIVE;
				GCC_WARN_UNUSED_FUNCTION = YES;
				GCC_WARN_UNUSED_VARIABLE = YES;
				MACOSX_DEPLOYMENT_TARGET = 10.15;
				MTL_ENABLE_DEBUG_INFO = NO;
				MTL_FAST_MATH = YES;
				SDKROOT = macosx;
				SWIFT_COMPILATION_MODE = wholemodule;
				SWIFT_OPTIMIZATION_LEVEL = "-O";
			};
			name = Release;
		};
		4BF1FFA5252C61FA0043D59B /* Debug */ = {
			isa = XCBuildConfiguration;
			baseConfigurationReference = BFF59B980569969C57ADD754 /* Pods-code-snippets-extractor.debug.xcconfig */;
			buildSettings = {
				CODE_SIGN_STYLE = Automatic;
				DEVELOPMENT_TEAM = 2B482J8N6Y;
				ENABLE_HARDENED_RUNTIME = YES;
				PRODUCT_NAME = "$(TARGET_NAME)";
				SWIFT_VERSION = 5.0;
			};
			name = Debug;
		};
		4BF1FFA6252C61FA0043D59B /* Release */ = {
			isa = XCBuildConfiguration;
			baseConfigurationReference = 7D4DAF240E6CCBBD6CC16341 /* Pods-code-snippets-extractor.release.xcconfig */;
			buildSettings = {
				CODE_SIGN_STYLE = Automatic;
				DEVELOPMENT_TEAM = 2B482J8N6Y;
				ENABLE_HARDENED_RUNTIME = YES;
				PRODUCT_NAME = "$(TARGET_NAME)";
				SWIFT_VERSION = 5.0;
			};
			name = Release;
		};
/* End XCBuildConfiguration section */

/* Begin XCConfigurationList section */
		4BF1FF98252C61FA0043D59B /* Build configuration list for PBXProject "code-snippets-extractor" */ = {
			isa = XCConfigurationList;
			buildConfigurations = (
				4BF1FFA2252C61FA0043D59B /* Debug */,
				4BF1FFA3252C61FA0043D59B /* Release */,
			);
			defaultConfigurationIsVisible = 0;
			defaultConfigurationName = Release;
		};
		4BF1FFA4252C61FA0043D59B /* Build configuration list for PBXNativeTarget "code-snippets-extractor" */ = {
			isa = XCConfigurationList;
			buildConfigurations = (
				4BF1FFA5252C61FA0043D59B /* Debug */,
				4BF1FFA6252C61FA0043D59B /* Release */,
			);
			defaultConfigurationIsVisible = 0;
			defaultConfigurationName = Release;
		};
/* End XCConfigurationList section */

/* Begin XCRemoteSwiftPackageReference section */
		4B9FCA16252C8D65002CEE84 /* XCRemoteSwiftPackageReference "swift-argument-parser" */ = {
			isa = XCRemoteSwiftPackageReference;
			repositoryURL = "https://github.com/apple/swift-argument-parser";
			requirement = {
				kind = upToNextMajorVersion;
				minimumVersion = 0.3.1;
			};
		};
/* End XCRemoteSwiftPackageReference section */

/* Begin XCSwiftPackageProductDependency section */
		4B9FCA17252C8D65002CEE84 /* ArgumentParser */ = {
			isa = XCSwiftPackageProductDependency;
			package = 4B9FCA16252C8D65002CEE84 /* XCRemoteSwiftPackageReference "swift-argument-parser" */;
			productName = ArgumentParser;
		};
/* End XCSwiftPackageProductDependency section */
	};
	rootObject = 4BF1FF95252C61FA0043D59B /* Project object */;
}
